// !$*UTF8*$!
{
	archiveVersion = 1;
	classes = {
	};
	objectVersion = 46;
	objects = {

/* Begin PBXBuildFile section */
		166FA80D1D2F64E500FA5664 /* main.m in Sources */ = {isa = PBXBuildFile; fileRef = 166FA80C1D2F64E500FA5664 /* main.m */; };
		166FA8101D2F64E500FA5664 /* AppDelegate.m in Sources */ = {isa = PBXBuildFile; fileRef = 166FA80F1D2F64E500FA5664 /* AppDelegate.m */; };
		166FA8131D2F64E500FA5664 /* ViewController.m in Sources */ = {isa = PBXBuildFile; fileRef = 166FA8121D2F64E500FA5664 /* ViewController.m */; };
		166FA8161D2F64E500FA5664 /* Main.storyboard in Resources */ = {isa = PBXBuildFile; fileRef = 166FA8141D2F64E500FA5664 /* Main.storyboard */; };
		166FA8181D2F64E500FA5664 /* Assets.xcassets in Resources */ = {isa = PBXBuildFile; fileRef = 166FA8171D2F64E500FA5664 /* Assets.xcassets */; };
		166FA81B1D2F64E500FA5664 /* LaunchScreen.storyboard in Resources */ = {isa = PBXBuildFile; fileRef = 166FA8191D2F64E500FA5664 /* LaunchScreen.storyboard */; };
		166FA8261D2F64E500FA5664 /* ____Tests.m in Sources */ = {isa = PBXBuildFile; fileRef = 166FA8251D2F64E500FA5664 /* ____Tests.m */; };
		166FA8311D2F64E500FA5664 /* ____UITests.m in Sources */ = {isa = PBXBuildFile; fileRef = 166FA8301D2F64E500FA5664 /* ____UITests.m */; };
/* End PBXBuildFile section */

/* Begin PBXContainerItemProxy section */
		166FA8221D2F64E500FA5664 /* PBXContainerItemProxy */ = {
			isa = PBXContainerItemProxy;
			containerPortal = 166FA8001D2F64E500FA5664 /* Project object */;
			proxyType = 1;
			remoteGlobalIDString = 166FA8071D2F64E500FA5664;
			remoteInfo = "刮开涂层";
		};
		166FA82D1D2F64E500FA5664 /* PBXContainerItemProxy */ = {
			isa = PBXContainerItemProxy;
			containerPortal = 166FA8001D2F64E500FA5664 /* Project object */;
			proxyType = 1;
			remoteGlobalIDString = 166FA8071D2F64E500FA5664;
			remoteInfo = "刮开涂层";
		};
/* End PBXContainerItemProxy section */

/* Begin PBXFileReference section */
		166FA8081D2F64E500FA5664 /* 刮开涂层.app */ = {isa = PBXFileReference; explicitFileType = wrapper.application; includeInIndex = 0; path = "刮开涂层.app"; sourceTree = BUILT_PRODUCTS_DIR; };
		166FA80C1D2F64E500FA5664 /* main.m */ = {isa = PBXFileReference; lastKnownFileType = sourcecode.c.objc; path = main.m; sourceTree = "<group>"; };
		166FA80E1D2F64E500FA5664 /* AppDelegate.h */ = {isa = PBXFileReference; lastKnownFileType = sourcecode.c.h; path = AppDelegate.h; sourceTree = "<group>"; };
		166FA80F1D2F64E500FA5664 /* AppDelegate.m */ = {isa = PBXFileReference; lastKnownFileType = sourcecode.c.objc; path = AppDelegate.m; sourceTree = "<group>"; };
		166FA8111D2F64E500FA5664 /* ViewController.h */ = {isa = PBXFileReference; lastKnownFileType = sourcecode.c.h; path = ViewController.h; sourceTree = "<group>"; };
		166FA8121D2F64E500FA5664 /* ViewController.m */ = {isa = PBXFileReference; lastKnownFileType = sourcecode.c.objc; path = ViewController.m; sourceTree = "<group>"; };
		166FA8151D2F64E500FA5664 /* Base */ = {isa = PBXFileReference; lastKnownFileType = file.storyboard; name = Base; path = Base.lproj/Main.storyboard; sourceTree = "<group>"; };
		166FA8171D2F64E500FA5664 /* Assets.xcassets */ = {isa = PBXFileReference; lastKnownFileType = folder.assetcatalog; path = Assets.xcassets; sourceTree = "<group>"; };
		166FA81A1D2F64E500FA5664 /* Base */ = {isa = PBXFileReference; lastKnownFileType = file.storyboard; name = Base; path = Base.lproj/LaunchScreen.storyboard; sourceTree = "<group>"; };
		166FA81C1D2F64E500FA5664 /* Info.plist */ = {isa = PBXFileReference; lastKnownFileType = text.plist.xml; path = Info.plist; sourceTree = "<group>"; };
		166FA8211D2F64E500FA5664 /* 刮开涂层Tests.xctest */ = {isa = PBXFileReference; explicitFileType = wrapper.cfbundle; includeInIndex = 0; path = "刮开涂层Tests.xctest"; sourceTree = BUILT_PRODUCTS_DIR; };
		166FA8251D2F64E500FA5664 /* ____Tests.m */ = {isa = PBXFileReference; lastKnownFileType = sourcecode.c.objc; path = "____Tests.m"; sourceTree = "<group>"; };
		166FA8271D2F64E500FA5664 /* Info.plist */ = {isa = PBXFileReference; lastKnownFileType = text.plist.xml; path = Info.plist; sourceTree = "<group>"; };
		166FA82C1D2F64E500FA5664 /* 刮开涂层UITests.xctest */ = {isa = PBXFileReference; explicitFileType = wrapper.cfbundle; includeInIndex = 0; path = "刮开涂层UITests.xctest"; sourceTree = BUILT_PRODUCTS_DIR; };
		166FA8301D2F64E500FA5664 /* ____UITests.m */ = {isa = PBXFileReference; lastKnownFileType = sourcecode.c.objc; path = "____UITests.m"; sourceTree = "<group>"; };
		166FA8321D2F64E500FA5664 /* Info.plist */ = {isa = PBXFileReference; lastKnownFileType = text.plist.xml; path = Info.plist; sourceTree = "<group>"; };
/* End PBXFileReference section */

/* Begin PBXFrameworksBuildPhase section */
		166FA8051D2F64E500FA5664 /* Frameworks */ = {
			isa = PBXFrameworksBuildPhase;
			buildActionMask = 2147483647;
			files = (
			);
			runOnlyForDeploymentPostprocessing = 0;
		};
		166FA81E1D2F64E500FA5664 /* Frameworks */ = {
			isa = PBXFrameworksBuildPhase;
			buildActionMask = 2147483647;
			files = (
			);
			runOnlyForDeploymentPostprocessing = 0;
		};
		166FA8291D2F64E500FA5664 /* Frameworks */ = {
			isa = PBXFrameworksBuildPhase;
			buildActionMask = 2147483647;
			files = (
			);
			runOnlyForDeploymentPostprocessing = 0;
		};
/* End PBXFrameworksBuildPhase section */

/* Begin PBXGroup section */
		166FA7FF1D2F64E400FA5664 = {
			isa = PBXGroup;
			children = (
				166FA80A1D2F64E500FA5664 /* 刮开涂层 */,
				166FA8241D2F64E500FA5664 /* 刮开涂层Tests */,
				166FA82F1D2F64E500FA5664 /* 刮开涂层UITests */,
				166FA8091D2F64E500FA5664 /* Products */,
			);
			sourceTree = "<group>";
		};
		166FA8091D2F64E500FA5664 /* Products */ = {
			isa = PBXGroup;
			children = (
				166FA8081D2F64E500FA5664 /* 刮开涂层.app */,
				166FA8211D2F64E500FA5664 /* 刮开涂层Tests.xctest */,
				166FA82C1D2F64E500FA5664 /* 刮开涂层UITests.xctest */,
			);
			name = Products;
			sourceTree = "<group>";
		};
		166FA80A1D2F64E500FA5664 /* 刮开涂层 */ = {
			isa = PBXGroup;
			children = (
				166FA80E1D2F64E500FA5664 /* AppDelegate.h */,
				166FA80F1D2F64E500FA5664 /* AppDelegate.m */,
				166FA8111D2F64E500FA5664 /* ViewController.h */,
				166FA8121D2F64E500FA5664 /* ViewController.m */,
				166FA8141D2F64E500FA5664 /* Main.storyboard */,
				166FA8171D2F64E500FA5664 /* Assets.xcassets */,
				166FA8191D2F64E500FA5664 /* LaunchScreen.storyboard */,
				166FA81C1D2F64E500FA5664 /* Info.plist */,
				166FA80B1D2F64E500FA5664 /* Supporting Files */,
			);
			path = "刮开涂层";
			sourceTree = "<group>";
		};
		166FA80B1D2F64E500FA5664 /* Supporting Files */ = {
			isa = PBXGroup;
			children = (
				166FA80C1D2F64E500FA5664 /* main.m */,
			);
			name = "Supporting Files";
			sourceTree = "<group>";
		};
		166FA8241D2F64E500FA5664 /* 刮开涂层Tests */ = {
			isa = PBXGroup;
			children = (
				166FA8251D2F64E500FA5664 /* ____Tests.m */,
				166FA8271D2F64E500FA5664 /* Info.plist */,
			);
			path = "刮开涂层Tests";
			sourceTree = "<group>";
		};
		166FA82F1D2F64E500FA5664 /* 刮开涂层UITests */ = {
			isa = PBXGroup;
			children = (
				166FA8301D2F64E500FA5664 /* ____UITests.m */,
				166FA8321D2F64E500FA5664 /* Info.plist */,
			);
			path = "刮开涂层UITests";
			sourceTree = "<group>";
		};
/* End PBXGroup section */

/* Begin PBXNativeTarget section */
		166FA8071D2F64E500FA5664 /* 刮开涂层 */ = {
			isa = PBXNativeTarget;
			buildConfigurationList = 166FA8351D2F64E500FA5664 /* Build configuration list for PBXNativeTarget "刮开涂层" */;
			buildPhases = (
				166FA8041D2F64E500FA5664 /* Sources */,
				166FA8051D2F64E500FA5664 /* Frameworks */,
				166FA8061D2F64E500FA5664 /* Resources */,
			);
			buildRules = (
			);
			dependencies = (
			);
			name = "刮开涂层";
			productName = "刮开涂层";
			productReference = 166FA8081D2F64E500FA5664 /* 刮开涂层.app */;
			productType = "com.apple.product-type.application";
		};
		166FA8201D2F64E500FA5664 /* 刮开涂层Tests */ = {
			isa = PBXNativeTarget;
			buildConfigurationList = 166FA8381D2F64E500FA5664 /* Build configuration list for PBXNativeTarget "刮开涂层Tests" */;
			buildPhases = (
				166FA81D1D2F64E500FA5664 /* Sources */,
				166FA81E1D2F64E500FA5664 /* Frameworks */,
				166FA81F1D2F64E500FA5664 /* Resources */,
			);
			buildRules = (
			);
			dependencies = (
				166FA8231D2F64E500FA5664 /* PBXTargetDependency */,
			);
			name = "刮开涂层Tests";
			productName = "刮开涂层Tests";
			productReference = 166FA8211D2F64E500FA5664 /* 刮开涂层Tests.xctest */;
			productType = "com.apple.product-type.bundle.unit-test";
		};
		166FA82B1D2F64E500FA5664 /* 刮开涂层UITests */ = {
			isa = PBXNativeTarget;
			buildConfigurationList = 166FA83B1D2F64E500FA5664 /* Build configuration list for PBXNativeTarget "刮开涂层UITests" */;
			buildPhases = (
				166FA8281D2F64E500FA5664 /* Sources */,
				166FA8291D2F64E500FA5664 /* Frameworks */,
				166FA82A1D2F64E500FA5664 /* Resources */,
			);
			buildRules = (
			);
			dependencies = (
				166FA82E1D2F64E500FA5664 /* PBXTargetDependency */,
			);
			name = "刮开涂层UITests";
			productName = "刮开涂层UITests";
			productReference = 166FA82C1D2F64E500FA5664 /* 刮开涂层UITests.xctest */;
			productType = "com.apple.product-type.bundle.ui-testing";
		};
/* End PBXNativeTarget section */

/* Begin PBXProject section */
		166FA8001D2F64E500FA5664 /* Project object */ = {
			isa = PBXProject;
			attributes = {
				LastUpgradeCheck = 0720;
				ORGANIZATIONNAME = "王奥东";
				TargetAttributes = {
					166FA8071D2F64E500FA5664 = {
						CreatedOnToolsVersion = 7.2.1;
						DevelopmentTeam = 3TP2S3N87D;
					};
					166FA8201D2F64E500FA5664 = {
						CreatedOnToolsVersion = 7.2.1;
						DevelopmentTeam = 3TP2S3N87D;
						TestTargetID = 166FA8071D2F64E500FA5664;
					};
					166FA82B1D2F64E500FA5664 = {
						CreatedOnToolsVersion = 7.2.1;
						DevelopmentTeam = 3TP2S3N87D;
						TestTargetID = 166FA8071D2F64E500FA5664;
					};
				};
			};
			buildConfigurationList = 166FA8031D2F64E500FA5664 /* Build configuration list for PBXProject "刮开涂层" */;
			compatibilityVersion = "Xcode 3.2";
			developmentRegion = English;
			hasScannedForEncodings = 0;
			knownRegions = (
				en,
				Base,
			);
			mainGroup = 166FA7FF1D2F64E400FA5664;
			productRefGroup = 166FA8091D2F64E500FA5664 /* Products */;
			projectDirPath = "";
			projectRoot = "";
			targets = (
				166FA8071D2F64E500FA5664 /* 刮开涂层 */,
				166FA8201D2F64E500FA5664 /* 刮开涂层Tests */,
				166FA82B1D2F64E500FA5664 /* 刮开涂层UITests */,
			);
		};
/* End PBXProject section */

/* Begin PBXResourcesBuildPhase section */
		166FA8061D2F64E500FA5664 /* Resources */ = {
			isa = PBXResourcesBuildPhase;
			buildActionMask = 2147483647;
			files = (
				166FA81B1D2F64E500FA5664 /* LaunchScreen.storyboard in Resources */,
				166FA8181D2F64E500FA5664 /* Assets.xcassets in Resources */,
				166FA8161D2F64E500FA5664 /* Main.storyboard in Resources */,
			);
			runOnlyForDeploymentPostprocessing = 0;
		};
		166FA81F1D2F64E500FA5664 /* Resources */ = {
			isa = PBXResourcesBuildPhase;
			buildActionMask = 2147483647;
			files = (
			);
			runOnlyForDeploymentPostprocessing = 0;
		};
		166FA82A1D2F64E500FA5664 /* Resources */ = {
			isa = PBXResourcesBuildPhase;
			buildActionMask = 2147483647;
			files = (
			);
			runOnlyForDeploymentPostprocessing = 0;
		};
/* End PBXResourcesBuildPhase section */

/* Begin PBXSourcesBuildPhase section */
		166FA8041D2F64E500FA5664 /* Sources */ = {
			isa = PBXSourcesBuildPhase;
			buildActionMask = 2147483647;
			files = (
				166FA8131D2F64E500FA5664 /* ViewController.m in Sources */,
				166FA8101D2F64E500FA5664 /* AppDelegate.m in Sources */,
				166FA80D1D2F64E500FA5664 /* main.m in Sources */,
			);
			runOnlyForDeploymentPostprocessing = 0;
		};
		166FA81D1D2F64E500FA5664 /* Sources */ = {
			isa = PBXSourcesBuildPhase;
			buildActionMask = 2147483647;
			files = (
				166FA8261D2F64E500FA5664 /* ____Tests.m in Sources */,
			);
			runOnlyForDeploymentPostprocessing = 0;
		};
		166FA8281D2F64E500FA5664 /* Sources */ = {
			isa = PBXSourcesBuildPhase;
			buildActionMask = 2147483647;
			files = (
				166FA8311D2F64E500FA5664 /* ____UITests.m in Sources */,
			);
			runOnlyForDeploymentPostprocessing = 0;
		};
/* End PBXSourcesBuildPhase section */

/* Begin PBXTargetDependency section */
		166FA8231D2F64E500FA5664 /* PBXTargetDependency */ = {
			isa = PBXTargetDependency;
			target = 166FA8071D2F64E500FA5664 /* 刮开涂层 */;
			targetProxy = 166FA8221D2F64E500FA5664 /* PBXContainerItemProxy */;
		};
		166FA82E1D2F64E500FA5664 /* PBXTargetDependency */ = {
			isa = PBXTargetDependency;
			target = 166FA8071D2F64E500FA5664 /* 刮开涂层 */;
			targetProxy = 166FA82D1D2F64E500FA5664 /* PBXContainerItemProxy */;
		};
/* End PBXTargetDependency section */

/* Begin PBXVariantGroup section */
		166FA8141D2F64E500FA5664 /* Main.storyboard */ = {
			isa = PBXVariantGroup;
			children = (
				166FA8151D2F64E500FA5664 /* Base */,
			);
			name = Main.storyboard;
			sourceTree = "<group>";
		};
		166FA8191D2F64E500FA5664 /* LaunchScreen.storyboard */ = {
			isa = PBXVariantGroup;
			children = (
				166FA81A1D2F64E500FA5664 /* Base */,
			);
			name = LaunchScreen.storyboard;
			sourceTree = "<group>";
		};
/* End PBXVariantGroup section */

/* Begin XCBuildConfiguration section */
		166FA8331D2F64E500FA5664 /* Debug */ = {
			isa = XCBuildConfiguration;
			buildSettings = {
				ALWAYS_SEARCH_USER_PATHS = NO;
				CLANG_CXX_LANGUAGE_STANDARD = "gnu++0x";
				CLANG_CXX_LIBRARY = "libc++";
				CLANG_ENABLE_MODULES = YES;
				CLANG_ENABLE_OBJC_ARC = YES;
				CLANG_WARN_BOOL_CONVERSION = YES;
				CLANG_WARN_CONSTANT_CONVERSION = YES;
				CLANG_WARN_DIRECT_OBJC_ISA_USAGE = YES_ERROR;
				CLANG_WARN_EMPTY_BODY = YES;
				CLANG_WARN_ENUM_CONVERSION = YES;
				CLANG_WARN_INT_CONVERSION = YES;
				CLANG_WARN_OBJC_ROOT_CLASS = YES_ERROR;
				CLANG_WARN_UNREACHABLE_CODE = YES;
				CLANG_WARN__DUPLICATE_METHOD_MATCH = YES;
				"CODE_SIGN_IDENTITY[sdk=iphoneos*]" = "iPhone Developer";
				COPY_PHASE_STRIP = NO;
				DEBUG_INFORMATION_FORMAT = dwarf;
				ENABLE_STRICT_OBJC_MSGSEND = YES;
				ENABLE_TESTABILITY = YES;
				GCC_C_LANGUAGE_STANDARD = gnu99;
				GCC_DYNAMIC_NO_PIC = NO;
				GCC_NO_COMMON_BLOCKS = YES;
				GCC_OPTIMIZATION_LEVEL = 0;
				GCC_PREPROCESSOR_DEFINITIONS = (
					"DEBUG=1",
					"$(inherited)",
				);
				GCC_WARN_64_TO_32_BIT_CONVERSION = YES;
				GCC_WARN_ABOUT_RETURN_TYPE = YES_ERROR;
				GCC_WARN_UNDECLARED_SELECTOR = YES;
				GCC_WARN_UNINITIALIZED_AUTOS = YES_AGGRESSIVE;
				GCC_WARN_UNUSED_FUNCTION = YES;
				GCC_WARN_UNUSED_VARIABLE = YES;
				IPHONEOS_DEPLOYMENT_TARGET = 9.2;
				MTL_ENABLE_DEBUG_INFO = YES;
				ONLY_ACTIVE_ARCH = YES;
				SDKROOT = iphoneos;
				TARGETED_DEVICE_FAMILY = "1,2";
			};
			name = Debug;
		};
		166FA8341D2F64E500FA5664 /* Release */ = {
			isa = XCBuildConfiguration;
			buildSettings = {
				ALWAYS_SEARCH_USER_PATHS = NO;
				CLANG_CXX_LANGUAGE_STANDARD = "gnu++0x";
				CLANG_CXX_LIBRARY = "libc++";
				CLANG_ENABLE_MODULES = YES;
				CLANG_ENABLE_OBJC_ARC = YES;
				CLANG_WARN_BOOL_CONVERSION = YES;
				CLANG_WARN_CONSTANT_CONVERSION = YES;
				CLANG_WARN_DIRECT_OBJC_ISA_USAGE = YES_ERROR;
				CLANG_WARN_EMPTY_BODY = YES;
				CLANG_WARN_ENUM_CONVERSION = YES;
				CLANG_WARN_INT_CONVERSION = YES;
				CLANG_WARN_OBJC_ROOT_CLASS = YES_ERROR;
				CLANG_WARN_UNREACHABLE_CODE = YES;
				CLANG_WARN__DUPLICATE_METHOD_MATCH = YES;
				"CODE_SIGN_IDENTITY[sdk=iphoneos*]" = "iPhone Developer";
				COPY_PHASE_STRIP = NO;
				DEBUG_INFORMATION_FORMAT = "dwarf-with-dsym";
				ENABLE_NS_ASSERTIONS = NO;
				ENABLE_STRICT_OBJC_MSGSEND = YES;
				GCC_C_LANGUAGE_STANDARD = gnu99;
				GCC_NO_COMMON_BLOCKS = YES;
				GCC_WARN_64_TO_32_BIT_CONVERSION = YES;
				GCC_WARN_ABOUT_RETURN_TYPE = YES_ERROR;
				GCC_WARN_UNDECLARED_SELECTOR = YES;
				GCC_WARN_UNINITIALIZED_AUTOS = YES_AGGRESSIVE;
				GCC_WARN_UNUSED_FUNCTION = YES;
				GCC_WARN_UNUSED_VARIABLE = YES;
				IPHONEOS_DEPLOYMENT_TARGET = 9.2;
				MTL_ENABLE_DEBUG_INFO = NO;
				SDKROOT = iphoneos;
				TARGETED_DEVICE_FAMILY = "1,2";
				VALIDATE_PRODUCT = YES;
			};
			name = Release;
		};
		166FA8361D2F64E500FA5664 /* Debug */ = {
			isa = XCBuildConfiguration;
			buildSettings = {
				ASSETCATALOG_COMPILER_APPICON_NAME = AppIcon;
				INFOPLIST_FILE = "刮开涂层/Info.plist";
				LD_RUNPATH_SEARCH_PATHS = "$(inherited) @executable_path/Frameworks";
				PRODUCT_BUNDLE_IDENTIFIER = "com.aodong.----";
				PRODUCT_NAME = "$(TARGET_NAME)";
			};
			name = Debug;
		};
		166FA8371D2F64E500FA5664 /* Release */ = {
			isa = XCBuildConfiguration;
			buildSettings = {
				ASSETCATALOG_COMPILER_APPICON_NAME = AppIcon;
				INFOPLIST_FILE = "刮开涂层/Info.plist";
				LD_RUNPATH_SEARCH_PATHS = "$(inherited) @executable_path/Frameworks";
				PRODUCT_BUNDLE_IDENTIFIER = "com.aodong.----";
				PRODUCT_NAME = "$(TARGET_NAME)";
			};
			name = Release;
		};
		166FA8391D2F64E500FA5664 /* Debug */ = {
			isa = XCBuildConfiguration;
			buildSettings = {
				BUNDLE_LOADER = "$(TEST_HOST)";
				INFOPLIST_FILE = "刮开涂层Tests/Info.plist";
				LD_RUNPATH_SEARCH_PATHS = "$(inherited) @executable_path/Frameworks @loader_path/Frameworks";
				PRODUCT_BUNDLE_IDENTIFIER = "com.aodong.----Tests";
				PRODUCT_NAME = "$(TARGET_NAME)";
				TEST_HOST = "$(BUILT_PRODUCTS_DIR)/刮开涂层.app/刮开涂层";
			};
			name = Debug;
		};
		166FA83A1D2F64E500FA5664 /* Release */ = {
			isa = XCBuildConfiguration;
			buildSettings = {
				BUNDLE_LOADER = "$(TEST_HOST)";
				INFOPLIST_FILE = "刮开涂层Tests/Info.plist";
				LD_RUNPATH_SEARCH_PATHS = "$(inherited) @executable_path/Frameworks @loader_path/Frameworks";
				PRODUCT_BUNDLE_IDENTIFIER = "com.aodong.----Tests";
				PRODUCT_NAME = "$(TARGET_NAME)";
				TEST_HOST = "$(BUILT_PRODUCTS_DIR)/刮开涂层.app/刮开涂层";
			};
			name = Release;
		};
		166FA83C1D2F64E500FA5664 /* Debug */ = {
			isa = XCBuildConfiguration;
			buildSettings = {
				INFOPLIST_FILE = "刮开涂层UITests/Info.plist";
				LD_RUNPATH_SEARCH_PATHS = "$(inherited) @executable_path/Frameworks @loader_path/Frameworks";
				PRODUCT_BUNDLE_IDENTIFIER = "com.aodong.----UITests";
				PRODUCT_NAME = "$(TARGET_NAME)";
				TEST_TARGET_NAME = "刮开涂层";
				USES_XCTRUNNER = YES;
			};
			name = Debug;
		};
		166FA83D1D2F64E500FA5664 /* Release */ = {
			isa = XCBuildConfiguration;
			buildSettings = {
				INFOPLIST_FILE = "刮开涂层UITests/Info.plist";
				LD_RUNPATH_SEARCH_PATHS = "$(inherited) @executable_path/Frameworks @loader_path/Frameworks";
				PRODUCT_BUNDLE_IDENTIFIER = "com.aodong.----UITests";
				PRODUCT_NAME = "$(TARGET_NAME)";
				TEST_TARGET_NAME = "刮开涂层";
				USES_XCTRUNNER = YES;
			};
			name = Release;
		};
/* End XCBuildConfiguration section */

/* Begin XCConfigurationList section */
		166FA8031D2F64E500FA5664 /* Build configuration list for PBXProject "刮开涂层" */ = {
			isa = XCConfigurationList;
			buildConfigurations = (
				166FA8331D2F64E500FA5664 /* Debug */,
				166FA8341D2F64E500FA5664 /* Release */,
			);
			defaultConfigurationIsVisible = 0;
			defaultConfigurationName = Release;
		};
		166FA8351D2F64E500FA5664 /* Build configuration list for PBXNativeTarget "刮开涂层" */ = {
			isa = XCConfigurationList;
			buildConfigurations = (
				166FA8361D2F64E500FA5664 /* Debug */,
				166FA8371D2F64E500FA5664 /* Release */,
			);
			defaultConfigurationIsVisible = 0;
		};
		166FA8381D2F64E500FA5664 /* Build configuration list for PBXNativeTarget "刮开涂层Tests" */ = {
			isa = XCConfigurationList;
			buildConfigurations = (
				166FA8391D2F64E500FA5664 /* Debug */,
				166FA83A1D2F64E500FA5664 /* Release */,
			);
			defaultConfigurationIsVisible = 0;
		};
		166FA83B1D2F64E500FA5664 /* Build configuration list for PBXNativeTarget "刮开涂层UITests" */ = {
			isa = XCConfigurationList;
			buildConfigurations = (
				166FA83C1D2F64E500FA5664 /* Debug */,
				166FA83D1D2F64E500FA5664 /* Release */,
			);
			defaultConfigurationIsVisible = 0;
		};
/* End XCConfigurationList section */
	};
	rootObject = 166FA8001D2F64E500FA5664 /* Project object */;
}
